
Microsoft Visual Studio Solution File, Format Version 12.00
# Visual Studio Version 16
VisualStudioVersion = 16.0.29102.190
MinimumVisualStudioVersion = 10.0.40219.1
Project("{FAE04EC0-301F-11D3-BF4B-00C04F79EFBC}") = "SmartChurch", "SmartChurch\SmartChurch.csproj", "{0E6F2C69-6F3B-45D9-A4D0-41ECCFC6141A}"
EndProject
Global
	GlobalSection(SolutionConfigurationPlatforms) = preSolution
		Debug|Any CPU = Debug|Any CPU
		Release|Any CPU = Release|Any CPU
	EndGlobalSection
	GlobalSection(ProjectConfigurationPlatforms) = postSolution
		{0E6F2C69-6F3B-45D9-A4D0-41ECCFC6141A}.Debug|Any CPU.ActiveCfg = Debug|Any CPU
		{0E6F2C69-6F3B-45D9-A4D0-41ECCFC6141A}.Debug|Any CPU.Build.0 = Debug|Any CPU
		{0E6F2C69-6F3B-45D9-A4D0-41ECCFC6141A}.Release|Any CPU.ActiveCfg = Release|Any CPU
		{0E6F2C69-6F3B-45D9-A4D0-41ECCFC6141A}.Release|Any CPU.Build.0 = Release|Any CPU
	EndGlobalSection
	GlobalSection(SolutionProperties) = preSolution
		HideSolutionNode = FALSE
	EndGlobalSection
	GlobalSection(ExtensibilityGlobals) = postSolution
		SolutionGuid = {50F2B79A-8CBA-4678-8EA5-C2329416E902}
	EndGlobalSection
EndGlobal
